
Microsoft Visual Studio Solution File, Format Version 12.00
# Visual Studio Version 16
VisualStudioVersion = 16.0.29123.88
MinimumVisualStudioVersion = 10.0.40219.1
Project("{FAE04EC0-301F-11D3-BF4B-00C04F79EFBC}") = "cs5", "cs5\cs5.csproj", "{F6F08009-937B-4266-9A81-27FC5ED9EBEC}"
EndProject
Project("{FAE04EC0-301F-11D3-BF4B-00C04F79EFBC}") = "Test_Access", "Test_Access\Test_Access.csproj", "{31D48556-E734-4DAE-AFC2-0616BEA95100}"
EndProject
Global
	GlobalSection(SolutionConfigurationPlatforms) = preSolution
		Debug|Any CPU = Debug|Any CPU
		Release|Any CPU = Release|Any CPU
	EndGlobalSection
	GlobalSection(ProjectConfigurationPlatforms) = postSolution
		{F6F08009-937B-4266-9A81-27FC5ED9EBEC}.Debug|Any CPU.ActiveCfg = Debug|Any CPU
		{F6F08009-937B-4266-9A81-27FC5ED9EBEC}.Debug|Any CPU.Build.0 = Debug|Any CPU
		{F6F08009-937B-4266-9A81-27FC5ED9EBEC}.Release|Any CPU.ActiveCfg = Release|Any CPU
		{F6F08009-937B-4266-9A81-27FC5ED9EBEC}.Release|Any CPU.Build.0 = Release|Any CPU
		{31D48556-E734-4DAE-AFC2-0616BEA95100}.Debug|Any CPU.ActiveCfg = Debug|Any CPU
		{31D48556-E734-4DAE-AFC2-0616BEA95100}.Debug|Any CPU.Build.0 = Debug|Any CPU
		{31D48556-E734-4DAE-AFC2-0616BEA95100}.Release|Any CPU.ActiveCfg = Release|Any CPU
		{31D48556-E734-4DAE-AFC2-0616BEA95100}.Release|Any CPU.Build.0 = Release|Any CPU
	EndGlobalSection
	GlobalSection(SolutionProperties) = preSolution
		HideSolutionNode = FALSE
	EndGlobalSection
	GlobalSection(ExtensibilityGlobals) = postSolution
		SolutionGuid = {BCEE40BD-2F18-487E-BF6F-B1E38F5AD12E}
	EndGlobalSection
EndGlobal
